
Microsoft Visual Studio Solution File, Format Version 12.00
# Visual Studio 15
VisualStudioVersion = 15.0.27130.2026
MinimumVisualStudioVersion = 10.0.40219.1
Project("{9A19103F-16F7-4668-BE54-9A1E7A4F7556}") = "Game", "Game\Game.csproj", "{FBA843A0-8071-4716-82E9-1BCA2945169C}"
EndProject
Project("{9A19103F-16F7-4668-BE54-9A1E7A4F7556}") = "CSharp-ECS", "csharp-ecs\CSharp-ECS.csproj", "{4A21C1F8-7C7F-49F0-B557-9F50812C8F73}"
EndProject
Global
	GlobalSection(SolutionConfigurationPlatforms) = preSolution
		Debug|Any CPU = Debug|Any CPU
		Release|Any CPU = Release|Any CPU
	EndGlobalSection
	GlobalSection(ProjectConfigurationPlatforms) = postSolution
		{FBA843A0-8071-4716-82E9-1BCA2945169C}.Debug|Any CPU.ActiveCfg = Debug|Any CPU
		{FBA843A0-8071-4716-82E9-1BCA2945169C}.Debug|Any CPU.Build.0 = Debug|Any CPU
		{FBA843A0-8071-4716-82E9-1BCA2945169C}.Release|Any CPU.ActiveCfg = Release|Any CPU
		{FBA843A0-8071-4716-82E9-1BCA2945169C}.Release|Any CPU.Build.0 = Release|Any CPU
		{4A21C1F8-7C7F-49F0-B557-9F50812C8F73}.Debug|Any CPU.ActiveCfg = Debug|Any CPU
		{4A21C1F8-7C7F-49F0-B557-9F50812C8F73}.Debug|Any CPU.Build.0 = Debug|Any CPU
		{4A21C1F8-7C7F-49F0-B557-9F50812C8F73}.Release|Any CPU.ActiveCfg = Release|Any CPU
		{4A21C1F8-7C7F-49F0-B557-9F50812C8F73}.Release|Any CPU.Build.0 = Release|Any CPU
	EndGlobalSection
	GlobalSection(SolutionProperties) = preSolution
		HideSolutionNode = FALSE
	EndGlobalSection
	GlobalSection(ExtensibilityGlobals) = postSolution
		SolutionGuid = {34AC1536-B998-4B02-AFD2-AB12110B7F8C}
	EndGlobalSection
EndGlobal
