
Microsoft Visual Studio Solution File, Format Version 12.00
# Visual Studio Version 17
VisualStudioVersion = 17.0.32014.148
MinimumVisualStudioVersion = 10.0.40219.1
Project("{9A19103F-16F7-4668-BE54-9A1E7A4F7556}") = "CSharp-ECS", "CSharp-ECS\CSharp-ECS.csproj", "{48ADF077-A312-4742-96FA-A6FBF1D6437C}"
EndProject
Project("{2150E333-8FDC-42A3-9474-1A3956D46DE8}") = "Solution Items", "Solution Items", "{93930DA8-0AB7-4B11-9B0D-233E8F74211B}"
	ProjectSection(SolutionItems) = preProject
		.editorconfig = .editorconfig
	EndProjectSection
EndProject
Project("{9A19103F-16F7-4668-BE54-9A1E7A4F7556}") = "Game", "Mechanics\Game.csproj", "{EF7B3C2B-9B85-4DB0-B1B3-0E211B6AD8F5}"
	ProjectSection(ProjectDependencies) = postProject
		{48ADF077-A312-4742-96FA-A6FBF1D6437C} = {48ADF077-A312-4742-96FA-A6FBF1D6437C}
	EndProjectSection
EndProject
Global
	GlobalSection(SolutionConfigurationPlatforms) = preSolution
		Debug|Any CPU = Debug|Any CPU
		Release|Any CPU = Release|Any CPU
	EndGlobalSection
	GlobalSection(ProjectConfigurationPlatforms) = postSolution
		{48ADF077-A312-4742-96FA-A6FBF1D6437C}.Debug|Any CPU.ActiveCfg = Debug|Any CPU
		{48ADF077-A312-4742-96FA-A6FBF1D6437C}.Debug|Any CPU.Build.0 = Debug|Any CPU
		{48ADF077-A312-4742-96FA-A6FBF1D6437C}.Release|Any CPU.ActiveCfg = Release|Any CPU
		{48ADF077-A312-4742-96FA-A6FBF1D6437C}.Release|Any CPU.Build.0 = Release|Any CPU
		{EF7B3C2B-9B85-4DB0-B1B3-0E211B6AD8F5}.Debug|Any CPU.ActiveCfg = Debug|Any CPU
		{EF7B3C2B-9B85-4DB0-B1B3-0E211B6AD8F5}.Debug|Any CPU.Build.0 = Debug|Any CPU
		{EF7B3C2B-9B85-4DB0-B1B3-0E211B6AD8F5}.Release|Any CPU.ActiveCfg = Release|Any CPU
		{EF7B3C2B-9B85-4DB0-B1B3-0E211B6AD8F5}.Release|Any CPU.Build.0 = Release|Any CPU
	EndGlobalSection
	GlobalSection(SolutionProperties) = preSolution
		HideSolutionNode = FALSE
	EndGlobalSection
	GlobalSection(ExtensibilityGlobals) = postSolution
		SolutionGuid = {35C55ACF-ADBD-46DC-A94C-E32020BE9C52}
	EndGlobalSection
EndGlobal
