
Microsoft Visual Studio Solution File, Format Version 12.00
# Visual Studio 15
Project("{FAE04EC0-301F-11D3-BF4B-00C04F79EFBC}") = "Mirror", "Mirror.csproj", "{6F3916FE-5EDE-F4D2-AAF6-537FB535B265}"
EndProject
Project("{FAE04EC0-301F-11D3-BF4B-00C04F79EFBC}") = "UnityEngine.TestRunner", "UnityEngine.TestRunner.csproj", "{5CE54152-FEEE-E3F2-A582-27EA0900B0F3}"
EndProject
Project("{FAE04EC0-301F-11D3-BF4B-00C04F79EFBC}") = "SimpleWebTransport", "SimpleWebTransport.csproj", "{15179283-974C-DC0D-0B49-C3AC6DC68EAE}"
EndProject
Project("{FAE04EC0-301F-11D3-BF4B-00C04F79EFBC}") = "Unity.Timeline", "Unity.Timeline.csproj", "{FF1EFD23-C932-A4D0-7302-1B5799E4E1D9}"
EndProject
Project("{FAE04EC0-301F-11D3-BF4B-00C04F79EFBC}") = "Mirror.Examples", "Mirror.Examples.csproj", "{D2BC79F8-807A-E4BA-09F2-27EA28F610D1}"
EndProject
Project("{FAE04EC0-301F-11D3-BF4B-00C04F79EFBC}") = "Mirror.Components", "Mirror.Components.csproj", "{CA76C45E-B30B-DC37-5100-992D90E01431}"
EndProject
Project("{FAE04EC0-301F-11D3-BF4B-00C04F79EFBC}") = "Unity.TextMeshPro", "Unity.TextMeshPro.csproj", "{DE112A81-B1D1-CDAC-220C-1193505D1794}"
EndProject
Project("{FAE04EC0-301F-11D3-BF4B-00C04F79EFBC}") = "kcp2k", "kcp2k.csproj", "{1479A62C-1952-AE70-9E6F-DAA806BAA6DE}"
EndProject
Project("{FAE04EC0-301F-11D3-BF4B-00C04F79EFBC}") = "Telepathy", "Telepathy.csproj", "{B9651190-92C1-6EB6-367C-143A358FC3A5}"
EndProject
Project("{FAE04EC0-301F-11D3-BF4B-00C04F79EFBC}") = "Mirror.Authenticators", "Mirror.Authenticators.csproj", "{E8E5DB0F-C90B-9673-52CA-3924E9476A1B}"
EndProject
Project("{FAE04EC0-301F-11D3-BF4B-00C04F79EFBC}") = "Assembly-CSharp", "Assembly-CSharp.csproj", "{E937748E-04EC-F59D-C018-F14A8F1004B1}"
EndProject
Project("{FAE04EC0-301F-11D3-BF4B-00C04F79EFBC}") = "where-allocations", "where-allocations.csproj", "{999CAA81-01B0-972A-BFFB-8B62D9FA14DF}"
EndProject
Project("{FAE04EC0-301F-11D3-BF4B-00C04F79EFBC}") = "UnityEditor.TestRunner", "UnityEditor.TestRunner.csproj", "{E7541C2E-4496-EAE7-ABFA-33831EF40125}"
EndProject
Project("{FAE04EC0-301F-11D3-BF4B-00C04F79EFBC}") = "Unity.PlasticSCM.Editor", "Unity.PlasticSCM.Editor.csproj", "{B41CECF4-0414-0CDE-D43B-68EB17507F4C}"
EndProject
Project("{FAE04EC0-301F-11D3-BF4B-00C04F79EFBC}") = "Unity.Services.Core.Editor", "Unity.Services.Core.Editor.csproj", "{E77ECD5B-B80D-5B03-DCD2-BF771A1DB47A}"
EndProject
Project("{FAE04EC0-301F-11D3-BF4B-00C04F79EFBC}") = "Unity.Timeline.Editor", "Unity.Timeline.Editor.csproj", "{AC9C2CA1-F334-C9F6-87FE-7C87DF142613}"
EndProject
Project("{FAE04EC0-301F-11D3-BF4B-00C04F79EFBC}") = "Unity.VisualStudio.Editor", "Unity.VisualStudio.Editor.csproj", "{09F2B137-75CF-C1F0-0B13-01A22D7DE709}"
EndProject
Project("{FAE04EC0-301F-11D3-BF4B-00C04F79EFBC}") = "Unity.TextMeshPro.Editor", "Unity.TextMeshPro.Editor.csproj", "{93E55163-D53D-DC3E-F8C4-DA2B8CBDB53C}"
EndProject
Project("{FAE04EC0-301F-11D3-BF4B-00C04F79EFBC}") = "Unity.CollabProxy.Editor", "Unity.CollabProxy.Editor.csproj", "{0500FF88-E0E3-C579-19F1-33ECE62F313D}"
EndProject
Project("{FAE04EC0-301F-11D3-BF4B-00C04F79EFBC}") = "Unity.Mirror.CodeGen", "Unity.Mirror.CodeGen.csproj", "{65827E89-428A-C456-E434-7E86A52E8A0F}"
EndProject
Project("{FAE04EC0-301F-11D3-BF4B-00C04F79EFBC}") = "Unity.Rider.Editor", "Unity.Rider.Editor.csproj", "{707E71A6-7C16-FAB6-2C15-F735B28E4CE1}"
EndProject
Project("{FAE04EC0-301F-11D3-BF4B-00C04F79EFBC}") = "Mirror.Editor", "Mirror.Editor.csproj", "{2613FE2C-7E06-7FA9-0ADA-7761CBDF4730}"
EndProject
Project("{FAE04EC0-301F-11D3-BF4B-00C04F79EFBC}") = "Unity.VSCode.Editor", "Unity.VSCode.Editor.csproj", "{ACBAF065-FB09-ED39-8977-1D1B9B3837FC}"
EndProject
Project("{FAE04EC0-301F-11D3-BF4B-00C04F79EFBC}") = "Mirror.CompilerSymbols", "Mirror.CompilerSymbols.csproj", "{99F7ECDC-A5E7-6D3F-87D7-A8D40086A221}"
EndProject
Project("{FAE04EC0-301F-11D3-BF4B-00C04F79EFBC}") = "Mirror", "Mirror.Player.csproj", "{CE5949AB-5011-E326-B2EB-7CF8C644C1C8}"
EndProject
Project("{FAE04EC0-301F-11D3-BF4B-00C04F79EFBC}") = "UnityEngine.TestRunner", "UnityEngine.TestRunner.Player.csproj", "{71D0A301-D041-F337-5C97-97980C327049}"
EndProject
Project("{FAE04EC0-301F-11D3-BF4B-00C04F79EFBC}") = "SimpleWebTransport", "SimpleWebTransport.Player.csproj", "{CEE27344-7931-D87D-1509-4EAFCB313FCC}"
EndProject
Project("{FAE04EC0-301F-11D3-BF4B-00C04F79EFBC}") = "Unity.Timeline", "Unity.Timeline.Player.csproj", "{9A1C6594-4258-EF0A-76FB-C8D3C34E967A}"
EndProject
Project("{FAE04EC0-301F-11D3-BF4B-00C04F79EFBC}") = "Mirror.Examples", "Mirror.Examples.Player.csproj", "{66F96F8B-CC6E-9052-60B0-143EC69E337E}"
EndProject
Project("{FAE04EC0-301F-11D3-BF4B-00C04F79EFBC}") = "Mirror.Components", "Mirror.Components.Player.csproj", "{04B2B23D-503A-A414-9927-2CC4738EE9E3}"
EndProject
Project("{FAE04EC0-301F-11D3-BF4B-00C04F79EFBC}") = "Unity.TextMeshPro", "Unity.TextMeshPro.Player.csproj", "{0CF9230D-5CF2-B76F-DB0E-9E8456702CD1}"
EndProject
Project("{FAE04EC0-301F-11D3-BF4B-00C04F79EFBC}") = "kcp2k", "kcp2k.Player.csproj", "{E5AA9B36-181A-2183-170A-842879A05541}"
EndProject
Project("{FAE04EC0-301F-11D3-BF4B-00C04F79EFBC}") = "Telepathy", "Telepathy.Player.csproj", "{483EAB48-E00C-E873-7A6B-6347768BC8C5}"
EndProject
Project("{FAE04EC0-301F-11D3-BF4B-00C04F79EFBC}") = "Mirror.Authenticators", "Mirror.Authenticators.Player.csproj", "{1B039100-ECDF-7996-8BE9-22ADDF67C475}"
EndProject
Project("{FAE04EC0-301F-11D3-BF4B-00C04F79EFBC}") = "Assembly-CSharp", "Assembly-CSharp.Player.csproj", "{6763185F-0F65-356B-43C4-27550363768D}"
EndProject
Project("{FAE04EC0-301F-11D3-BF4B-00C04F79EFBC}") = "where-allocations", "where-allocations.Player.csproj", "{48139FFE-077A-0818-33B3-F5C32C386D1B}"
EndProject
Global
	GlobalSection(SolutionConfigurationPlatforms) = preSolution
		Debug|Any CPU = Debug|Any CPU
		Release|Any CPU = Release|Any CPU
	EndGlobalSection
	GlobalSection(ProjectConfigurationPlatforms) = postSolution
		{6F3916FE-5EDE-F4D2-AAF6-537FB535B265}.Debug|Any CPU.ActiveCfg = Debug|Any CPU
		{6F3916FE-5EDE-F4D2-AAF6-537FB535B265}.Debug|Any CPU.Build.0 = Debug|Any CPU
		{6F3916FE-5EDE-F4D2-AAF6-537FB535B265}.Release|Any CPU.ActiveCfg = Release|Any CPU
		{6F3916FE-5EDE-F4D2-AAF6-537FB535B265}.Release|Any CPU.Build.0 = Release|Any CPU
		{5CE54152-FEEE-E3F2-A582-27EA0900B0F3}.Debug|Any CPU.ActiveCfg = Debug|Any CPU
		{5CE54152-FEEE-E3F2-A582-27EA0900B0F3}.Debug|Any CPU.Build.0 = Debug|Any CPU
		{5CE54152-FEEE-E3F2-A582-27EA0900B0F3}.Release|Any CPU.ActiveCfg = Release|Any CPU
		{5CE54152-FEEE-E3F2-A582-27EA0900B0F3}.Release|Any CPU.Build.0 = Release|Any CPU
		{15179283-974C-DC0D-0B49-C3AC6DC68EAE}.Debug|Any CPU.ActiveCfg = Debug|Any CPU
		{15179283-974C-DC0D-0B49-C3AC6DC68EAE}.Debug|Any CPU.Build.0 = Debug|Any CPU
		{15179283-974C-DC0D-0B49-C3AC6DC68EAE}.Release|Any CPU.ActiveCfg = Release|Any CPU
		{15179283-974C-DC0D-0B49-C3AC6DC68EAE}.Release|Any CPU.Build.0 = Release|Any CPU
		{FF1EFD23-C932-A4D0-7302-1B5799E4E1D9}.Debug|Any CPU.ActiveCfg = Debug|Any CPU
		{FF1EFD23-C932-A4D0-7302-1B5799E4E1D9}.Debug|Any CPU.Build.0 = Debug|Any CPU
		{FF1EFD23-C932-A4D0-7302-1B5799E4E1D9}.Release|Any CPU.ActiveCfg = Release|Any CPU
		{FF1EFD23-C932-A4D0-7302-1B5799E4E1D9}.Release|Any CPU.Build.0 = Release|Any CPU
		{D2BC79F8-807A-E4BA-09F2-27EA28F610D1}.Debug|Any CPU.ActiveCfg = Debug|Any CPU
		{D2BC79F8-807A-E4BA-09F2-27EA28F610D1}.Debug|Any CPU.Build.0 = Debug|Any CPU
		{D2BC79F8-807A-E4BA-09F2-27EA28F610D1}.Release|Any CPU.ActiveCfg = Release|Any CPU
		{D2BC79F8-807A-E4BA-09F2-27EA28F610D1}.Release|Any CPU.Build.0 = Release|Any CPU
		{CA76C45E-B30B-DC37-5100-992D90E01431}.Debug|Any CPU.ActiveCfg = Debug|Any CPU
		{CA76C45E-B30B-DC37-5100-992D90E01431}.Debug|Any CPU.Build.0 = Debug|Any CPU
		{CA76C45E-B30B-DC37-5100-992D90E01431}.Release|Any CPU.ActiveCfg = Release|Any CPU
		{CA76C45E-B30B-DC37-5100-992D90E01431}.Release|Any CPU.Build.0 = Release|Any CPU
		{DE112A81-B1D1-CDAC-220C-1193505D1794}.Debug|Any CPU.ActiveCfg = Debug|Any CPU
		{DE112A81-B1D1-CDAC-220C-1193505D1794}.Debug|Any CPU.Build.0 = Debug|Any CPU
		{DE112A81-B1D1-CDAC-220C-1193505D1794}.Release|Any CPU.ActiveCfg = Release|Any CPU
		{DE112A81-B1D1-CDAC-220C-1193505D1794}.Release|Any CPU.Build.0 = Release|Any CPU
		{1479A62C-1952-AE70-9E6F-DAA806BAA6DE}.Debug|Any CPU.ActiveCfg = Debug|Any CPU
		{1479A62C-1952-AE70-9E6F-DAA806BAA6DE}.Debug|Any CPU.Build.0 = Debug|Any CPU
		{1479A62C-1952-AE70-9E6F-DAA806BAA6DE}.Release|Any CPU.ActiveCfg = Release|Any CPU
		{1479A62C-1952-AE70-9E6F-DAA806BAA6DE}.Release|Any CPU.Build.0 = Release|Any CPU
		{B9651190-92C1-6EB6-367C-143A358FC3A5}.Debug|Any CPU.ActiveCfg = Debug|Any CPU
		{B9651190-92C1-6EB6-367C-143A358FC3A5}.Debug|Any CPU.Build.0 = Debug|Any CPU
		{B9651190-92C1-6EB6-367C-143A358FC3A5}.Release|Any CPU.ActiveCfg = Release|Any CPU
		{B9651190-92C1-6EB6-367C-143A358FC3A5}.Release|Any CPU.Build.0 = Release|Any CPU
		{E8E5DB0F-C90B-9673-52CA-3924E9476A1B}.Debug|Any CPU.ActiveCfg = Debug|Any CPU
		{E8E5DB0F-C90B-9673-52CA-3924E9476A1B}.Debug|Any CPU.Build.0 = Debug|Any CPU
		{E8E5DB0F-C90B-9673-52CA-3924E9476A1B}.Release|Any CPU.ActiveCfg = Release|Any CPU
		{E8E5DB0F-C90B-9673-52CA-3924E9476A1B}.Release|Any CPU.Build.0 = Release|Any CPU
		{E937748E-04EC-F59D-C018-F14A8F1004B1}.Debug|Any CPU.ActiveCfg = Debug|Any CPU
		{E937748E-04EC-F59D-C018-F14A8F1004B1}.Debug|Any CPU.Build.0 = Debug|Any CPU
		{E937748E-04EC-F59D-C018-F14A8F1004B1}.Release|Any CPU.ActiveCfg = Release|Any CPU
		{E937748E-04EC-F59D-C018-F14A8F1004B1}.Release|Any CPU.Build.0 = Release|Any CPU
		{999CAA81-01B0-972A-BFFB-8B62D9FA14DF}.Debug|Any CPU.ActiveCfg = Debug|Any CPU
		{999CAA81-01B0-972A-BFFB-8B62D9FA14DF}.Debug|Any CPU.Build.0 = Debug|Any CPU
		{999CAA81-01B0-972A-BFFB-8B62D9FA14DF}.Release|Any CPU.ActiveCfg = Release|Any CPU
		{999CAA81-01B0-972A-BFFB-8B62D9FA14DF}.Release|Any CPU.Build.0 = Release|Any CPU
		{E7541C2E-4496-EAE7-ABFA-33831EF40125}.Debug|Any CPU.ActiveCfg = Debug|Any CPU
		{E7541C2E-4496-EAE7-ABFA-33831EF40125}.Debug|Any CPU.Build.0 = Debug|Any CPU
		{E7541C2E-4496-EAE7-ABFA-33831EF40125}.Release|Any CPU.ActiveCfg = Release|Any CPU
		{E7541C2E-4496-EAE7-ABFA-33831EF40125}.Release|Any CPU.Build.0 = Release|Any CPU
		{B41CECF4-0414-0CDE-D43B-68EB17507F4C}.Debug|Any CPU.ActiveCfg = Debug|Any CPU
		{B41CECF4-0414-0CDE-D43B-68EB17507F4C}.Debug|Any CPU.Build.0 = Debug|Any CPU
		{B41CECF4-0414-0CDE-D43B-68EB17507F4C}.Release|Any CPU.ActiveCfg = Release|Any CPU
		{B41CECF4-0414-0CDE-D43B-68EB17507F4C}.Release|Any CPU.Build.0 = Release|Any CPU
		{E77ECD5B-B80D-5B03-DCD2-BF771A1DB47A}.Debug|Any CPU.ActiveCfg = Debug|Any CPU
		{E77ECD5B-B80D-5B03-DCD2-BF771A1DB47A}.Debug|Any CPU.Build.0 = Debug|Any CPU
		{E77ECD5B-B80D-5B03-DCD2-BF771A1DB47A}.Release|Any CPU.ActiveCfg = Release|Any CPU
		{E77ECD5B-B80D-5B03-DCD2-BF771A1DB47A}.Release|Any CPU.Build.0 = Release|Any CPU
		{AC9C2CA1-F334-C9F6-87FE-7C87DF142613}.Debug|Any CPU.ActiveCfg = Debug|Any CPU
		{AC9C2CA1-F334-C9F6-87FE-7C87DF142613}.Debug|Any CPU.Build.0 = Debug|Any CPU
		{AC9C2CA1-F334-C9F6-87FE-7C87DF142613}.Release|Any CPU.ActiveCfg = Release|Any CPU
		{AC9C2CA1-F334-C9F6-87FE-7C87DF142613}.Release|Any CPU.Build.0 = Release|Any CPU
		{09F2B137-75CF-C1F0-0B13-01A22D7DE709}.Debug|Any CPU.ActiveCfg = Debug|Any CPU
		{09F2B137-75CF-C1F0-0B13-01A22D7DE709}.Debug|Any CPU.Build.0 = Debug|Any CPU
		{09F2B137-75CF-C1F0-0B13-01A22D7DE709}.Release|Any CPU.ActiveCfg = Release|Any CPU
		{09F2B137-75CF-C1F0-0B13-01A22D7DE709}.Release|Any CPU.Build.0 = Release|Any CPU
		{93E55163-D53D-DC3E-F8C4-DA2B8CBDB53C}.Debug|Any CPU.ActiveCfg = Debug|Any CPU
		{93E55163-D53D-DC3E-F8C4-DA2B8CBDB53C}.Debug|Any CPU.Build.0 = Debug|Any CPU
		{93E55163-D53D-DC3E-F8C4-DA2B8CBDB53C}.Release|Any CPU.ActiveCfg = Release|Any CPU
		{93E55163-D53D-DC3E-F8C4-DA2B8CBDB53C}.Release|Any CPU.Build.0 = Release|Any CPU
		{0500FF88-E0E3-C579-19F1-33ECE62F313D}.Debug|Any CPU.ActiveCfg = Debug|Any CPU
		{0500FF88-E0E3-C579-19F1-33ECE62F313D}.Debug|Any CPU.Build.0 = Debug|Any CPU
		{0500FF88-E0E3-C579-19F1-33ECE62F313D}.Release|Any CPU.ActiveCfg = Release|Any CPU
		{0500FF88-E0E3-C579-19F1-33ECE62F313D}.Release|Any CPU.Build.0 = Release|Any CPU
		{65827E89-428A-C456-E434-7E86A52E8A0F}.Debug|Any CPU.ActiveCfg = Debug|Any CPU
		{65827E89-428A-C456-E434-7E86A52E8A0F}.Debug|Any CPU.Build.0 = Debug|Any CPU
		{65827E89-428A-C456-E434-7E86A52E8A0F}.Release|Any CPU.ActiveCfg = Release|Any CPU
		{65827E89-428A-C456-E434-7E86A52E8A0F}.Release|Any CPU.Build.0 = Release|Any CPU
		{707E71A6-7C16-FAB6-2C15-F735B28E4CE1}.Debug|Any CPU.ActiveCfg = Debug|Any CPU
		{707E71A6-7C16-FAB6-2C15-F735B28E4CE1}.Debug|Any CPU.Build.0 = Debug|Any CPU
		{707E71A6-7C16-FAB6-2C15-F735B28E4CE1}.Release|Any CPU.ActiveCfg = Release|Any CPU
		{707E71A6-7C16-FAB6-2C15-F735B28E4CE1}.Release|Any CPU.Build.0 = Release|Any CPU
		{2613FE2C-7E06-7FA9-0ADA-7761CBDF4730}.Debug|Any CPU.ActiveCfg = Debug|Any CPU
		{2613FE2C-7E06-7FA9-0ADA-7761CBDF4730}.Debug|Any CPU.Build.0 = Debug|Any CPU
		{2613FE2C-7E06-7FA9-0ADA-7761CBDF4730}.Release|Any CPU.ActiveCfg = Release|Any CPU
		{2613FE2C-7E06-7FA9-0ADA-7761CBDF4730}.Release|Any CPU.Build.0 = Release|Any CPU
		{ACBAF065-FB09-ED39-8977-1D1B9B3837FC}.Debug|Any CPU.ActiveCfg = Debug|Any CPU
		{ACBAF065-FB09-ED39-8977-1D1B9B3837FC}.Debug|Any CPU.Build.0 = Debug|Any CPU
		{ACBAF065-FB09-ED39-8977-1D1B9B3837FC}.Release|Any CPU.ActiveCfg = Release|Any CPU
		{ACBAF065-FB09-ED39-8977-1D1B9B3837FC}.Release|Any CPU.Build.0 = Release|Any CPU
		{99F7ECDC-A5E7-6D3F-87D7-A8D40086A221}.Debug|Any CPU.ActiveCfg = Debug|Any CPU
		{99F7ECDC-A5E7-6D3F-87D7-A8D40086A221}.Debug|Any CPU.Build.0 = Debug|Any CPU
		{99F7ECDC-A5E7-6D3F-87D7-A8D40086A221}.Release|Any CPU.ActiveCfg = Release|Any CPU
		{99F7ECDC-A5E7-6D3F-87D7-A8D40086A221}.Release|Any CPU.Build.0 = Release|Any CPU
		{CE5949AB-5011-E326-B2EB-7CF8C644C1C8}.Debug|Any CPU.ActiveCfg = Debug|Any CPU
		{CE5949AB-5011-E326-B2EB-7CF8C644C1C8}.Debug|Any CPU.Build.0 = Debug|Any CPU
		{CE5949AB-5011-E326-B2EB-7CF8C644C1C8}.Release|Any CPU.ActiveCfg = Release|Any CPU
		{CE5949AB-5011-E326-B2EB-7CF8C644C1C8}.Release|Any CPU.Build.0 = Release|Any CPU
		{71D0A301-D041-F337-5C97-97980C327049}.Debug|Any CPU.ActiveCfg = Debug|Any CPU
		{71D0A301-D041-F337-5C97-97980C327049}.Debug|Any CPU.Build.0 = Debug|Any CPU
		{71D0A301-D041-F337-5C97-97980C327049}.Release|Any CPU.ActiveCfg = Release|Any CPU
		{71D0A301-D041-F337-5C97-97980C327049}.Release|Any CPU.Build.0 = Release|Any CPU
		{CEE27344-7931-D87D-1509-4EAFCB313FCC}.Debug|Any CPU.ActiveCfg = Debug|Any CPU
		{CEE27344-7931-D87D-1509-4EAFCB313FCC}.Debug|Any CPU.Build.0 = Debug|Any CPU
		{CEE27344-7931-D87D-1509-4EAFCB313FCC}.Release|Any CPU.ActiveCfg = Release|Any CPU
		{CEE27344-7931-D87D-1509-4EAFCB313FCC}.Release|Any CPU.Build.0 = Release|Any CPU
		{9A1C6594-4258-EF0A-76FB-C8D3C34E967A}.Debug|Any CPU.ActiveCfg = Debug|Any CPU
		{9A1C6594-4258-EF0A-76FB-C8D3C34E967A}.Debug|Any CPU.Build.0 = Debug|Any CPU
		{9A1C6594-4258-EF0A-76FB-C8D3C34E967A}.Release|Any CPU.ActiveCfg = Release|Any CPU
		{9A1C6594-4258-EF0A-76FB-C8D3C34E967A}.Release|Any CPU.Build.0 = Release|Any CPU
		{66F96F8B-CC6E-9052-60B0-143EC69E337E}.Debug|Any CPU.ActiveCfg = Debug|Any CPU
		{66F96F8B-CC6E-9052-60B0-143EC69E337E}.Debug|Any CPU.Build.0 = Debug|Any CPU
		{66F96F8B-CC6E-9052-60B0-143EC69E337E}.Release|Any CPU.ActiveCfg = Release|Any CPU
		{66F96F8B-CC6E-9052-60B0-143EC69E337E}.Release|Any CPU.Build.0 = Release|Any CPU
		{04B2B23D-503A-A414-9927-2CC4738EE9E3}.Debug|Any CPU.ActiveCfg = Debug|Any CPU
		{04B2B23D-503A-A414-9927-2CC4738EE9E3}.Debug|Any CPU.Build.0 = Debug|Any CPU
		{04B2B23D-503A-A414-9927-2CC4738EE9E3}.Release|Any CPU.ActiveCfg = Release|Any CPU
		{04B2B23D-503A-A414-9927-2CC4738EE9E3}.Release|Any CPU.Build.0 = Release|Any CPU
		{0CF9230D-5CF2-B76F-DB0E-9E8456702CD1}.Debug|Any CPU.ActiveCfg = Debug|Any CPU
		{0CF9230D-5CF2-B76F-DB0E-9E8456702CD1}.Debug|Any CPU.Build.0 = Debug|Any CPU
		{0CF9230D-5CF2-B76F-DB0E-9E8456702CD1}.Release|Any CPU.ActiveCfg = Release|Any CPU
		{0CF9230D-5CF2-B76F-DB0E-9E8456702CD1}.Release|Any CPU.Build.0 = Release|Any CPU
		{E5AA9B36-181A-2183-170A-842879A05541}.Debug|Any CPU.ActiveCfg = Debug|Any CPU
		{E5AA9B36-181A-2183-170A-842879A05541}.Debug|Any CPU.Build.0 = Debug|Any CPU
		{E5AA9B36-181A-2183-170A-842879A05541}.Release|Any CPU.ActiveCfg = Release|Any CPU
		{E5AA9B36-181A-2183-170A-842879A05541}.Release|Any CPU.Build.0 = Release|Any CPU
		{483EAB48-E00C-E873-7A6B-6347768BC8C5}.Debug|Any CPU.ActiveCfg = Debug|Any CPU
		{483EAB48-E00C-E873-7A6B-6347768BC8C5}.Debug|Any CPU.Build.0 = Debug|Any CPU
		{483EAB48-E00C-E873-7A6B-6347768BC8C5}.Release|Any CPU.ActiveCfg = Release|Any CPU
		{483EAB48-E00C-E873-7A6B-6347768BC8C5}.Release|Any CPU.Build.0 = Release|Any CPU
		{1B039100-ECDF-7996-8BE9-22ADDF67C475}.Debug|Any CPU.ActiveCfg = Debug|Any CPU
		{1B039100-ECDF-7996-8BE9-22ADDF67C475}.Debug|Any CPU.Build.0 = Debug|Any CPU
		{1B039100-ECDF-7996-8BE9-22ADDF67C475}.Release|Any CPU.ActiveCfg = Release|Any CPU
		{1B039100-ECDF-7996-8BE9-22ADDF67C475}.Release|Any CPU.Build.0 = Release|Any CPU
		{6763185F-0F65-356B-43C4-27550363768D}.Debug|Any CPU.ActiveCfg = Debug|Any CPU
		{6763185F-0F65-356B-43C4-27550363768D}.Debug|Any CPU.Build.0 = Debug|Any CPU
		{6763185F-0F65-356B-43C4-27550363768D}.Release|Any CPU.ActiveCfg = Release|Any CPU
		{6763185F-0F65-356B-43C4-27550363768D}.Release|Any CPU.Build.0 = Release|Any CPU
		{48139FFE-077A-0818-33B3-F5C32C386D1B}.Debug|Any CPU.ActiveCfg = Debug|Any CPU
		{48139FFE-077A-0818-33B3-F5C32C386D1B}.Debug|Any CPU.Build.0 = Debug|Any CPU
		{48139FFE-077A-0818-33B3-F5C32C386D1B}.Release|Any CPU.ActiveCfg = Release|Any CPU
		{48139FFE-077A-0818-33B3-F5C32C386D1B}.Release|Any CPU.Build.0 = Release|Any CPU
	EndGlobalSection
	GlobalSection(SolutionProperties) = preSolution
		HideSolutionNode = FALSE
	EndGlobalSection
EndGlobal
